
Microsoft Visual Studio Solution File, Format Version 12.00
# Visual Studio 15
VisualStudioVersion = 15.0.28307.572
MinimumVisualStudioVersion = 10.0.40219.1
Project("{8BC9CEB8-8B4A-11D0-8D11-00A0C91BC942}") = "grasp.test", "grasp.test\grasp.test.vcxproj", "{01EEB1F7-52F0-475D-BE89-2D3B1DCC561B}"
EndProject
Project("{8BC9CEB8-8B4A-11D0-8D11-00A0C91BC942}") = "graspLib", "graspLib\graspLib.vcxproj", "{5AF002C1-9550-4242-8BFA-7A4257168055}"
EndProject
Project("{8BC9CEB8-8B4A-11D0-8D11-00A0C91BC942}") = "ex1.spp", "examples\ex1.spp\ex1.spp.vcxproj", "{B71C0EEE-CFEB-4209-82FB-FF2C3922190A}"
EndProject
Project("{8BC9CEB8-8B4A-11D0-8D11-00A0C91BC942}") = "ex2.mstp", "examples\ex2.mstp\ex2.mstp.vcxproj", "{A5419259-F094-421A-A39F-DE0E7048A7EA}"
EndProject
Project("{8BC9CEB8-8B4A-11D0-8D11-00A0C91BC942}") = "ex3.mcp", "examples\ex3.mcp\ex3.mcp.vcxproj", "{6A3525D7-E0FA-40C8-96C6-D954FDBA9E14}"
EndProject
Project("{8BC9CEB8-8B4A-11D0-8D11-00A0C91BC942}") = "ex4.ksp", "examples\ex4.ksp\ex4.ksp.vcxproj", "{6475BC9E-7787-4781-981B-82E9B69CD8A1}"
EndProject
Project("{8BC9CEB8-8B4A-11D0-8D11-00A0C91BC942}") = "ex5.tsp", "examples\ex5.tsp\ex5.tsp.vcxproj", "{0F60B34D-2E1F-40CA-B54B-9ED6EF674996}"
EndProject
Global
	GlobalSection(SolutionConfigurationPlatforms) = preSolution
		Debug|x64 = Debug|x64
		Debug|x86 = Debug|x86
		Release|x64 = Release|x64
		Release|x86 = Release|x86
	EndGlobalSection
	GlobalSection(ProjectConfigurationPlatforms) = postSolution
		{01EEB1F7-52F0-475D-BE89-2D3B1DCC561B}.Debug|x64.ActiveCfg = Debug|x64
		{01EEB1F7-52F0-475D-BE89-2D3B1DCC561B}.Debug|x64.Build.0 = Debug|x64
		{01EEB1F7-52F0-475D-BE89-2D3B1DCC561B}.Debug|x86.ActiveCfg = Debug|Win32
		{01EEB1F7-52F0-475D-BE89-2D3B1DCC561B}.Debug|x86.Build.0 = Debug|Win32
		{01EEB1F7-52F0-475D-BE89-2D3B1DCC561B}.Release|x64.ActiveCfg = Release|x64
		{01EEB1F7-52F0-475D-BE89-2D3B1DCC561B}.Release|x64.Build.0 = Release|x64
		{01EEB1F7-52F0-475D-BE89-2D3B1DCC561B}.Release|x86.ActiveCfg = Release|Win32
		{01EEB1F7-52F0-475D-BE89-2D3B1DCC561B}.Release|x86.Build.0 = Release|Win32
		{5AF002C1-9550-4242-8BFA-7A4257168055}.Debug|x64.ActiveCfg = Debug|x64
		{5AF002C1-9550-4242-8BFA-7A4257168055}.Debug|x64.Build.0 = Debug|x64
		{5AF002C1-9550-4242-8BFA-7A4257168055}.Debug|x86.ActiveCfg = Debug|Win32
		{5AF002C1-9550-4242-8BFA-7A4257168055}.Debug|x86.Build.0 = Debug|Win32
		{5AF002C1-9550-4242-8BFA-7A4257168055}.Release|x64.ActiveCfg = Release|x64
		{5AF002C1-9550-4242-8BFA-7A4257168055}.Release|x64.Build.0 = Release|x64
		{5AF002C1-9550-4242-8BFA-7A4257168055}.Release|x86.ActiveCfg = Release|Win32
		{5AF002C1-9550-4242-8BFA-7A4257168055}.Release|x86.Build.0 = Release|Win32
		{B71C0EEE-CFEB-4209-82FB-FF2C3922190A}.Debug|x64.ActiveCfg = Debug|x64
		{B71C0EEE-CFEB-4209-82FB-FF2C3922190A}.Debug|x64.Build.0 = Debug|x64
		{B71C0EEE-CFEB-4209-82FB-FF2C3922190A}.Debug|x86.ActiveCfg = Debug|Win32
		{B71C0EEE-CFEB-4209-82FB-FF2C3922190A}.Debug|x86.Build.0 = Debug|Win32
		{B71C0EEE-CFEB-4209-82FB-FF2C3922190A}.Release|x64.ActiveCfg = Release|x64
		{B71C0EEE-CFEB-4209-82FB-FF2C3922190A}.Release|x64.Build.0 = Release|x64
		{B71C0EEE-CFEB-4209-82FB-FF2C3922190A}.Release|x86.ActiveCfg = Release|Win32
		{B71C0EEE-CFEB-4209-82FB-FF2C3922190A}.Release|x86.Build.0 = Release|Win32
		{A5419259-F094-421A-A39F-DE0E7048A7EA}.Debug|x64.ActiveCfg = Debug|x64
		{A5419259-F094-421A-A39F-DE0E7048A7EA}.Debug|x64.Build.0 = Debug|x64
		{A5419259-F094-421A-A39F-DE0E7048A7EA}.Debug|x86.ActiveCfg = Debug|Win32
		{A5419259-F094-421A-A39F-DE0E7048A7EA}.Debug|x86.Build.0 = Debug|Win32
		{A5419259-F094-421A-A39F-DE0E7048A7EA}.Release|x64.ActiveCfg = Release|x64
		{A5419259-F094-421A-A39F-DE0E7048A7EA}.Release|x64.Build.0 = Release|x64
		{A5419259-F094-421A-A39F-DE0E7048A7EA}.Release|x86.ActiveCfg = Release|Win32
		{A5419259-F094-421A-A39F-DE0E7048A7EA}.Release|x86.Build.0 = Release|Win32
		{6A3525D7-E0FA-40C8-96C6-D954FDBA9E14}.Debug|x64.ActiveCfg = Debug|x64
		{6A3525D7-E0FA-40C8-96C6-D954FDBA9E14}.Debug|x64.Build.0 = Debug|x64
		{6A3525D7-E0FA-40C8-96C6-D954FDBA9E14}.Debug|x86.ActiveCfg = Debug|Win32
		{6A3525D7-E0FA-40C8-96C6-D954FDBA9E14}.Debug|x86.Build.0 = Debug|Win32
		{6A3525D7-E0FA-40C8-96C6-D954FDBA9E14}.Release|x64.ActiveCfg = Release|x64
		{6A3525D7-E0FA-40C8-96C6-D954FDBA9E14}.Release|x64.Build.0 = Release|x64
		{6A3525D7-E0FA-40C8-96C6-D954FDBA9E14}.Release|x86.ActiveCfg = Release|Win32
		{6A3525D7-E0FA-40C8-96C6-D954FDBA9E14}.Release|x86.Build.0 = Release|Win32
		{6475BC9E-7787-4781-981B-82E9B69CD8A1}.Debug|x64.ActiveCfg = Debug|x64
		{6475BC9E-7787-4781-981B-82E9B69CD8A1}.Debug|x64.Build.0 = Debug|x64
		{6475BC9E-7787-4781-981B-82E9B69CD8A1}.Debug|x86.ActiveCfg = Debug|Win32
		{6475BC9E-7787-4781-981B-82E9B69CD8A1}.Debug|x86.Build.0 = Debug|Win32
		{6475BC9E-7787-4781-981B-82E9B69CD8A1}.Release|x64.ActiveCfg = Release|x64
		{6475BC9E-7787-4781-981B-82E9B69CD8A1}.Release|x64.Build.0 = Release|x64
		{6475BC9E-7787-4781-981B-82E9B69CD8A1}.Release|x86.ActiveCfg = Release|Win32
		{6475BC9E-7787-4781-981B-82E9B69CD8A1}.Release|x86.Build.0 = Release|Win32
		{0F60B34D-2E1F-40CA-B54B-9ED6EF674996}.Debug|x64.ActiveCfg = Debug|x64
		{0F60B34D-2E1F-40CA-B54B-9ED6EF674996}.Debug|x64.Build.0 = Debug|x64
		{0F60B34D-2E1F-40CA-B54B-9ED6EF674996}.Debug|x86.ActiveCfg = Debug|Win32
		{0F60B34D-2E1F-40CA-B54B-9ED6EF674996}.Debug|x86.Build.0 = Debug|Win32
		{0F60B34D-2E1F-40CA-B54B-9ED6EF674996}.Release|x64.ActiveCfg = Release|x64
		{0F60B34D-2E1F-40CA-B54B-9ED6EF674996}.Release|x64.Build.0 = Release|x64
		{0F60B34D-2E1F-40CA-B54B-9ED6EF674996}.Release|x86.ActiveCfg = Release|Win32
		{0F60B34D-2E1F-40CA-B54B-9ED6EF674996}.Release|x86.Build.0 = Release|Win32
	EndGlobalSection
	GlobalSection(SolutionProperties) = preSolution
		HideSolutionNode = FALSE
	EndGlobalSection
	GlobalSection(ExtensibilityGlobals) = postSolution
		SolutionGuid = {38715788-4BE1-41A6-BDAF-5B7248D02D4A}
	EndGlobalSection
EndGlobal
