<?xml version="1.0" encoding="utf-8"?>
<Project ToolsVersion="4.0" xmlns="http://schemas.microsoft.com/developer/msbuild/2003">
  <ItemGroup>
    <Filter Include="Source Files">
      <UniqueIdentifier>{4FC737F1-C7A5-4376-A066-2A32D752A2FF}</UniqueIdentifier>
      <Extensions>cpp;c;cc;cxx;def;odl;idl;hpj;bat;asm;asmx</Extensions>
    </Filter>
    <Filter Include="Header Files">
      <UniqueIdentifier>{93995380-89BD-4b04-88EB-625FBE52EBFB}</UniqueIdentifier>
      <Extensions>h;hh;hpp;hxx;hm;inl;inc;ipp;xsd</Extensions>
    </Filter>
    <Filter Include="Resource Files">
      <UniqueIdentifier>{67DA6AB6-F800-4c08-8B7A-83BB121AAD01}</UniqueIdentifier>
      <Extensions>rc;ico;cur;bmp;dlg;rc2;rct;bin;rgs;gif;jpg;jpeg;jpe;resx;tiff;tif;png;wav;mfcribbon-ms</Extensions>
    </Filter>
  </ItemGroup>
  <ItemGroup>
    <ClCompile Include="GraspParameter.cpp">
      <Filter>Source Files</Filter>
    </ClCompile>
    <ClCompile Include="GraspPathRelinking.cpp">
      <Filter>Source Files</Filter>
    </ClCompile>
    <ClCompile Include="GraspStatistics.cpp">
      <Filter>Source Files</Filter>
    </ClCompile>
    <ClCompile Include="GraspRandom.cpp">
      <Filter>Source Files</Filter>
    </ClCompile>
    <ClCompile Include="GraspCandidate.cpp">
      <Filter>Source Files</Filter>
    </ClCompile>
    <ClCompile Include="mt19937ar.cpp">
      <Filter>Source Files</Filter>
    </ClCompile>
    <ClCompile Include="GraspStopCriterion.cpp">
      <Filter>Source Files</Filter>
    </ClCompile>
    <ClCompile Include="GraspArray.cpp">
      <Filter>Source Files</Filter>
    </ClCompile>
    <ClCompile Include="GraspLocalSearch.cpp">
      <Filter>Source Files</Filter>
    </ClCompile>
    <ClCompile Include="GraspBasicGrasp.cpp">
      <Filter>Source Files</Filter>
    </ClCompile>
    <ClCompile Include="GraspContinuosGrasp.cpp">
      <Filter>Source Files</Filter>
    </ClCompile>
    <ClCompile Include="GraspDMGrasp.cpp">
      <Filter>Source Files</Filter>
    </ClCompile>
    <ClCompile Include="GraspParallelGrasp.cpp">
      <Filter>Source Files</Filter>
    </ClCompile>
    <ClCompile Include="GraspEvPRGrasp.cpp">
      <Filter>Source Files</Filter>
    </ClCompile>
    <ClCompile Include="GraspPRGrasp.cpp">
      <Filter>Source Files</Filter>
    </ClCompile>
    <ClCompile Include="GraspReactiveGrasp.cpp">
      <Filter>Source Files</Filter>
    </ClCompile>
    <ClCompile Include="GraspNeighborhood.cpp">
      <Filter>Source Files</Filter>
    </ClCompile>
    <ClCompile Include="Grasp1DCandidate.cpp">
      <Filter>Source Files</Filter>
    </ClCompile>
    <ClCompile Include="Grasp2DCandidate.cpp">
      <Filter>Source Files</Filter>
    </ClCompile>
    <ClCompile Include="Grasp3DCandidate.cpp">
      <Filter>Source Files</Filter>
    </ClCompile>
    <ClCompile Include="GraspEliteSet.cpp">
      <Filter>Source Files</Filter>
    </ClCompile>
    <ClCompile Include="GraspRestarts.cpp">
      <Filter>Source Files</Filter>
    </ClCompile>
    <ClCompile Include="GraspAbstractGrasp.cpp">
      <Filter>Source Files</Filter>
    </ClCompile>
    <ClCompile Include="GraspException.cpp">
      <Filter>Source Files</Filter>
    </ClCompile>
    <ClCompile Include="GraspIterativeEvPR.cpp">
      <Filter>Source Files</Filter>
    </ClCompile>
    <ClCompile Include="GraspRestartsPRGrasp.cpp">
      <Filter>Source Files</Filter>
    </ClCompile>
  </ItemGroup>
  <ItemGroup>
    <ClInclude Include="GraspParameter.h">
      <Filter>Header Files</Filter>
    </ClInclude>
    <ClInclude Include="GraspStatistics.h">
      <Filter>Header Files</Filter>
    </ClInclude>
    <ClInclude Include="GraspCandidate.h">
      <Filter>Header Files</Filter>
    </ClInclude>
    <ClInclude Include="GraspRandom.h">
      <Filter>Header Files</Filter>
    </ClInclude>
    <ClInclude Include="mt19937ar.h">
      <Filter>Header Files</Filter>
    </ClInclude>
    <ClInclude Include="GraspTypes.h">
      <Filter>Header Files</Filter>
    </ClInclude>
    <ClInclude Include="GraspStopCriterion.h">
      <Filter>Header Files</Filter>
    </ClInclude>
    <ClInclude Include="GraspArray.h">
      <Filter>Header Files</Filter>
    </ClInclude>
    <ClInclude Include="GraspLocalSearch.h">
      <Filter>Header Files</Filter>
    </ClInclude>
    <ClInclude Include="GraspPRGrasp.h">
      <Filter>Header Files</Filter>
    </ClInclude>
    <ClInclude Include="GraspBasicGrasp.h">
      <Filter>Header Files</Filter>
    </ClInclude>
    <ClInclude Include="GraspDMGrasp.h">
      <Filter>Header Files</Filter>
    </ClInclude>
    <ClInclude Include="GraspEvPRGrasp.h">
      <Filter>Header Files</Filter>
    </ClInclude>
    <ClInclude Include="GraspReactiveGrasp.h">
      <Filter>Header Files</Filter>
    </ClInclude>
    <ClInclude Include="GraspContinuosGrasp.h">
      <Filter>Header Files</Filter>
    </ClInclude>
    <ClInclude Include="GraspParallelGrasp.h">
      <Filter>Header Files</Filter>
    </ClInclude>
    <ClInclude Include="GraspPathRelinking.h">
      <Filter>Header Files</Filter>
    </ClInclude>
    <ClInclude Include="GraspNeighborhood.h">
      <Filter>Header Files</Filter>
    </ClInclude>
    <ClInclude Include="Grasp1DCandidate.h">
      <Filter>Header Files</Filter>
    </ClInclude>
    <ClInclude Include="Grasp2DCandidate.h">
      <Filter>Header Files</Filter>
    </ClInclude>
    <ClInclude Include="Grasp3DCandidate.h">
      <Filter>Header Files</Filter>
    </ClInclude>
    <ClInclude Include="GraspAbstractGrasp.h">
      <Filter>Header Files</Filter>
    </ClInclude>
    <ClInclude Include="GraspEliteSet.h">
      <Filter>Header Files</Filter>
    </ClInclude>
    <ClInclude Include="GraspRestarts.h">
      <Filter>Header Files</Filter>
    </ClInclude>
    <ClInclude Include="GraspException.h">
      <Filter>Header Files</Filter>
    </ClInclude>
    <ClInclude Include="GraspIterativeEvPR.h">
      <Filter>Header Files</Filter>
    </ClInclude>
    <ClInclude Include="GraspRestartsPRGrasp.h">
      <Filter>Header Files</Filter>
    </ClInclude>
  </ItemGroup>
  <ItemGroup>
    <None Include="GraspClassDiagram.cd" />
  </ItemGroup>
</Project>